
Microsoft Visual Studio Solution File, Format Version 12.00
# Visual Studio 15
VisualStudioVersion = 15.0.27130.2027
MinimumVisualStudioVersion = 10.0.40219.1
Project("{FAE04EC0-301F-11D3-BF4B-00C04F79EFBC}") = "TestAPI", "TestAPI\TestAPI.csproj", "{F9E14BAA-96EB-4B0C-B122-0AEBDCAE850D}"
EndProject
Global
	GlobalSection(SolutionConfigurationPlatforms) = preSolution
		Debug|Any CPU = Debug|Any CPU
		Release|Any CPU = Release|Any CPU
	EndGlobalSection
	GlobalSection(ProjectConfigurationPlatforms) = postSolution
		{F9E14BAA-96EB-4B0C-B122-0AEBDCAE850D}.Debug|Any CPU.ActiveCfg = Debug|Any CPU
		{F9E14BAA-96EB-4B0C-B122-0AEBDCAE850D}.Debug|Any CPU.Build.0 = Debug|Any CPU
		{F9E14BAA-96EB-4B0C-B122-0AEBDCAE850D}.Release|Any CPU.ActiveCfg = Release|Any CPU
		{F9E14BAA-96EB-4B0C-B122-0AEBDCAE850D}.Release|Any CPU.Build.0 = Release|Any CPU
	EndGlobalSection
	GlobalSection(SolutionProperties) = preSolution
		HideSolutionNode = FALSE
	EndGlobalSection
	GlobalSection(ExtensibilityGlobals) = postSolution
		SolutionGuid = {DF489FEE-F204-45C1-B444-5F1A8D287060}
	EndGlobalSection
EndGlobal
